
Microsoft Visual Studio Solution File, Format Version 12.00
# Visual Studio 2012
Project("{E24C65DC-7377-472B-9ABA-BC803B73C61A}") = "PrototipoSimuladores", ".", "{2879EDA5-0887-430C-95BE-25049CE5915D}"
	ProjectSection(WebsiteProperties) = preProject
		TargetFrameworkMoniker = ".NETFramework,Version%3Dv4.5"
		Debug.AspNetCompiler.VirtualPath = "/PrototipoSimuladores"
		Debug.AspNetCompiler.PhysicalPath = "..\PrototipoSimuladores\"
		Debug.AspNetCompiler.TargetPath = "PrecompiledWeb\PrototipoSimuladores\"
		Debug.AspNetCompiler.Updateable = "true"
		Debug.AspNetCompiler.ForceOverwrite = "true"
		Debug.AspNetCompiler.FixedNames = "false"
		Debug.AspNetCompiler.Debug = "True"
		Release.AspNetCompiler.VirtualPath = "/PrototipoSimuladores"
		Release.AspNetCompiler.PhysicalPath = "..\PrototipoSimuladores\"
		Release.AspNetCompiler.TargetPath = "PrecompiledWeb\PrototipoSimuladores\"
		Release.AspNetCompiler.Updateable = "true"
		Release.AspNetCompiler.ForceOverwrite = "true"
		Release.AspNetCompiler.FixedNames = "false"
		Release.AspNetCompiler.Debug = "False"
		VWDPort = "52384"
	EndProjectSection
EndProject
Global
	GlobalSection(SolutionConfigurationPlatforms) = preSolution
		Debug|Any CPU = Debug|Any CPU
	EndGlobalSection
	GlobalSection(ProjectConfigurationPlatforms) = postSolution
		{2879EDA5-0887-430C-95BE-25049CE5915D}.Debug|Any CPU.ActiveCfg = Debug|Any CPU
		{2879EDA5-0887-430C-95BE-25049CE5915D}.Debug|Any CPU.Build.0 = Debug|Any CPU
	EndGlobalSection
	GlobalSection(SolutionProperties) = preSolution
		HideSolutionNode = FALSE
	EndGlobalSection
EndGlobal
